// !$*UTF8*$!
{
	archiveVersion = 1;
	classes = {
	};
	objectVersion = 46;
	objects = {

/* Begin PBXBuildFile section */
		342FC2761D2E4D4C00B6B015 /* WWKCommonService.h in Headers */ = {isa = PBXBuildFile; fileRef = 342FC2741D2E4D4C00B6B015 /* WWKCommonService.h */; settings = {ATTRIBUTES = (Public, ); }; };
		342FC2771D2E4D4C00B6B015 /* WWKCommonService.m in Sources */ = {isa = PBXBuildFile; fileRef = 342FC2751D2E4D4C00B6B015 /* WWKCommonService.m */; };
		3454378E1D2CE847002EC80D /* WealthWorksKit.h in Headers */ = {isa = PBXBuildFile; fileRef = 3454378D1D2CE847002EC80D /* WealthWorksKit.h */; settings = {ATTRIBUTES = (Public, ); }; };
		3454379E1D2CEC0E002EC80D /* AdSupport.framework in Frameworks */ = {isa = PBXBuildFile; fileRef = 3454379D1D2CEC0E002EC80D /* AdSupport.framework */; };
		345437A11D2CEC59002EC80D /* WWKDevice.h in Headers */ = {isa = PBXBuildFile; fileRef = 3454379F1D2CEC59002EC80D /* WWKDevice.h */; settings = {ATTRIBUTES = (Public, ); }; };
		345437A21D2CEC59002EC80D /* WWKDevice.m in Sources */ = {isa = PBXBuildFile; fileRef = 345437A01D2CEC59002EC80D /* WWKDevice.m */; };
		345437A91D2CF38F002EC80D /* WWKBundle.h in Headers */ = {isa = PBXBuildFile; fileRef = 345437A71D2CF38F002EC80D /* WWKBundle.h */; settings = {ATTRIBUTES = (Public, ); }; };
		345437AA1D2CF38F002EC80D /* WWKBundle.m in Sources */ = {isa = PBXBuildFile; fileRef = 345437A81D2CF38F002EC80D /* WWKBundle.m */; };
		44E3F58B068E5A490C7304E1 /* libPods-WealthWorksKit.a in Frameworks */ = {isa = PBXBuildFile; fileRef = E8D824D5AD6DD526ECC622E0 /* libPods-WealthWorksKit.a */; };
/* End PBXBuildFile section */

/* Begin PBXFileReference section */
		342FC2741D2E4D4C00B6B015 /* WWKCommonService.h */ = {isa = PBXFileReference; fileEncoding = 4; lastKnownFileType = sourcecode.c.h; path = WWKCommonService.h; sourceTree = "<group>"; };
		342FC2751D2E4D4C00B6B015 /* WWKCommonService.m */ = {isa = PBXFileReference; fileEncoding = 4; lastKnownFileType = sourcecode.c.objc; path = WWKCommonService.m; sourceTree = "<group>"; };
		342FC2781D2E68E100B6B015 /* PrefixHeader.pch */ = {isa = PBXFileReference; lastKnownFileType = sourcecode.c.h; path = PrefixHeader.pch; sourceTree = "<group>"; };
		3454378A1D2CE847002EC80D /* WealthWorksKit.framework */ = {isa = PBXFileReference; explicitFileType = wrapper.framework; includeInIndex = 0; path = WealthWorksKit.framework; sourceTree = BUILT_PRODUCTS_DIR; };
		3454378D1D2CE847002EC80D /* WealthWorksKit.h */ = {isa = PBXFileReference; lastKnownFileType = sourcecode.c.h; path = WealthWorksKit.h; sourceTree = "<group>"; };
		3454378F1D2CE847002EC80D /* Info.plist */ = {isa = PBXFileReference; lastKnownFileType = text.plist.xml; path = Info.plist; sourceTree = "<group>"; };
		3454379D1D2CEC0E002EC80D /* AdSupport.framework */ = {isa = PBXFileReference; lastKnownFileType = wrapper.framework; name = AdSupport.framework; path = System/Library/Frameworks/AdSupport.framework; sourceTree = SDKROOT; };
		3454379F1D2CEC59002EC80D /* WWKDevice.h */ = {isa = PBXFileReference; fileEncoding = 4; lastKnownFileType = sourcecode.c.h; path = WWKDevice.h; sourceTree = "<group>"; };
		345437A01D2CEC59002EC80D /* WWKDevice.m */ = {isa = PBXFileReference; fileEncoding = 4; lastKnownFileType = sourcecode.c.objc; path = WWKDevice.m; sourceTree = "<group>"; };
		345437A71D2CF38F002EC80D /* WWKBundle.h */ = {isa = PBXFileReference; fileEncoding = 4; lastKnownFileType = sourcecode.c.h; path = WWKBundle.h; sourceTree = "<group>"; };
		345437A81D2CF38F002EC80D /* WWKBundle.m */ = {isa = PBXFileReference; fileEncoding = 4; lastKnownFileType = sourcecode.c.objc; path = WWKBundle.m; sourceTree = "<group>"; };
		40DC842CFA5E3353A5233AE9 /* Pods-WealthWorksKit.release.xcconfig */ = {isa = PBXFileReference; includeInIndex = 1; lastKnownFileType = text.xcconfig; name = "Pods-WealthWorksKit.release.xcconfig"; path = "Pods/Target Support Files/Pods-WealthWorksKit/Pods-WealthWorksKit.release.xcconfig"; sourceTree = "<group>"; };
		BE001146090F25AADD48BF36 /* Pods-WealthWorksKit.debug.xcconfig */ = {isa = PBXFileReference; includeInIndex = 1; lastKnownFileType = text.xcconfig; name = "Pods-WealthWorksKit.debug.xcconfig"; path = "Pods/Target Support Files/Pods-WealthWorksKit/Pods-WealthWorksKit.debug.xcconfig"; sourceTree = "<group>"; };
		E8D824D5AD6DD526ECC622E0 /* libPods-WealthWorksKit.a */ = {isa = PBXFileReference; explicitFileType = archive.ar; includeInIndex = 0; path = "libPods-WealthWorksKit.a"; sourceTree = BUILT_PRODUCTS_DIR; };
/* End PBXFileReference section */

/* Begin PBXFrameworksBuildPhase section */
		345437861D2CE847002EC80D /* Frameworks */ = {
			isa = PBXFrameworksBuildPhase;
			buildActionMask = 2147483647;
			files = (
				3454379E1D2CEC0E002EC80D /* AdSupport.framework in Frameworks */,
				44E3F58B068E5A490C7304E1 /* libPods-WealthWorksKit.a in Frameworks */,
			);
			runOnlyForDeploymentPostprocessing = 0;
		};
/* End PBXFrameworksBuildPhase section */

/* Begin PBXGroup section */
		342FC2731D2E4D0E00B6B015 /* Network */ = {
			isa = PBXGroup;
			children = (
				342FC2741D2E4D4C00B6B015 /* WWKCommonService.h */,
				342FC2751D2E4D4C00B6B015 /* WWKCommonService.m */,
			);
			path = Network;
			sourceTree = "<group>";
		};
		345437801D2CE847002EC80D = {
			isa = PBXGroup;
			children = (
				3454378C1D2CE847002EC80D /* WealthWorksKit */,
				3454378B1D2CE847002EC80D /* Products */,
				345437961D2CEA9A002EC80D /* Frameworks */,
				9B89464FAD1478854487E04F /* Pods */,
			);
			sourceTree = "<group>";
		};
		3454378B1D2CE847002EC80D /* Products */ = {
			isa = PBXGroup;
			children = (
				3454378A1D2CE847002EC80D /* WealthWorksKit.framework */,
			);
			name = Products;
			sourceTree = "<group>";
		};
		3454378C1D2CE847002EC80D /* WealthWorksKit */ = {
			isa = PBXGroup;
			children = (
				3454378D1D2CE847002EC80D /* WealthWorksKit.h */,
				3454379C1D2CEB4E002EC80D /* Utils */,
				342FC2731D2E4D0E00B6B015 /* Network */,
				345437951D2CEA1D002EC80D /* Supporting Files */,
			);
			path = WealthWorksKit;
			sourceTree = "<group>";
		};
		345437951D2CEA1D002EC80D /* Supporting Files */ = {
			isa = PBXGroup;
			children = (
				3454378F1D2CE847002EC80D /* Info.plist */,
				342FC2781D2E68E100B6B015 /* PrefixHeader.pch */,
			);
			name = "Supporting Files";
			sourceTree = "<group>";
		};
		345437961D2CEA9A002EC80D /* Frameworks */ = {
			isa = PBXGroup;
			children = (
				3454379D1D2CEC0E002EC80D /* AdSupport.framework */,
				E8D824D5AD6DD526ECC622E0 /* libPods-WealthWorksKit.a */,
			);
			name = Frameworks;
			sourceTree = "<group>";
		};
		3454379C1D2CEB4E002EC80D /* Utils */ = {
			isa = PBXGroup;
			children = (
				3454379F1D2CEC59002EC80D /* WWKDevice.h */,
				345437A01D2CEC59002EC80D /* WWKDevice.m */,
				345437A71D2CF38F002EC80D /* WWKBundle.h */,
				345437A81D2CF38F002EC80D /* WWKBundle.m */,
			);
			path = Utils;
			sourceTree = "<group>";
		};
		9B89464FAD1478854487E04F /* Pods */ = {
			isa = PBXGroup;
			children = (
				BE001146090F25AADD48BF36 /* Pods-WealthWorksKit.debug.xcconfig */,
				40DC842CFA5E3353A5233AE9 /* Pods-WealthWorksKit.release.xcconfig */,
			);
			name = Pods;
			sourceTree = "<group>";
		};
/* End PBXGroup section */

/* Begin PBXHeadersBuildPhase section */
		345437871D2CE847002EC80D /* Headers */ = {
			isa = PBXHeadersBuildPhase;
			buildActionMask = 2147483647;
			files = (
				345437A91D2CF38F002EC80D /* WWKBundle.h in Headers */,
				345437A11D2CEC59002EC80D /* WWKDevice.h in Headers */,
				3454378E1D2CE847002EC80D /* WealthWorksKit.h in Headers */,
				342FC2761D2E4D4C00B6B015 /* WWKCommonService.h in Headers */,
			);
			runOnlyForDeploymentPostprocessing = 0;
		};
/* End PBXHeadersBuildPhase section */

/* Begin PBXNativeTarget section */
		345437891D2CE847002EC80D /* WealthWorksKit */ = {
			isa = PBXNativeTarget;
			buildConfigurationList = 345437921D2CE847002EC80D /* Build configuration list for PBXNativeTarget "WealthWorksKit" */;
			buildPhases = (
				668EB3D173491092AC0591AF /* [CP] Check Pods Manifest.lock */,
				345437851D2CE847002EC80D /* Sources */,
				345437861D2CE847002EC80D /* Frameworks */,
				345437871D2CE847002EC80D /* Headers */,
				345437881D2CE847002EC80D /* Resources */,
				5E0F5C14503A720A3217372A /* [CP] Copy Pods Resources */,
			);
			buildRules = (
			);
			dependencies = (
			);
			name = WealthWorksKit;
			productName = WealthWorksKit;
			productReference = 3454378A1D2CE847002EC80D /* WealthWorksKit.framework */;
			productType = "com.apple.product-type.framework";
		};
/* End PBXNativeTarget section */

/* Begin PBXProject section */
		345437811D2CE847002EC80D /* Project object */ = {
			isa = PBXProject;
			attributes = {
				LastUpgradeCheck = 0730;
				ORGANIZATIONNAME = WealthWorks;
				TargetAttributes = {
					345437891D2CE847002EC80D = {
						CreatedOnToolsVersion = 7.3.1;
					};
				};
			};
			buildConfigurationList = 345437841D2CE847002EC80D /* Build configuration list for PBXProject "WealthWorksKit" */;
			compatibilityVersion = "Xcode 3.2";
			developmentRegion = English;
			hasScannedForEncodings = 0;
			knownRegions = (
				en,
			);
			mainGroup = 345437801D2CE847002EC80D;
			productRefGroup = 3454378B1D2CE847002EC80D /* Products */;
			projectDirPath = "";
			projectRoot = "";
			targets = (
				345437891D2CE847002EC80D /* WealthWorksKit */,
			);
		};
/* End PBXProject section */

/* Begin PBXResourcesBuildPhase section */
		345437881D2CE847002EC80D /* Resources */ = {
			isa = PBXResourcesBuildPhase;
			buildActionMask = 2147483647;
			files = (
			);
			runOnlyForDeploymentPostprocessing = 0;
		};
/* End PBXResourcesBuildPhase section */

/* Begin PBXShellScriptBuildPhase section */
		5E0F5C14503A720A3217372A /* [CP] Copy Pods Resources */ = {
			isa = PBXShellScriptBuildPhase;
			buildActionMask = 2147483647;
			files = (
			);
			inputPaths = (
			);
			name = "[CP] Copy Pods Resources";
			outputPaths = (
			);
			runOnlyForDeploymentPostprocessing = 0;
			shellPath = /bin/sh;
			shellScript = "\"${SRCROOT}/Pods/Target Support Files/Pods-WealthWorksKit/Pods-WealthWorksKit-resources.sh\"\n";
			showEnvVarsInLog = 0;
		};
		668EB3D173491092AC0591AF /* [CP] Check Pods Manifest.lock */ = {
			isa = PBXShellScriptBuildPhase;
			buildActionMask = 2147483647;
			files = (
			);
			inputPaths = (
			);
			name = "[CP] Check Pods Manifest.lock";
			outputPaths = (
			);
			runOnlyForDeploymentPostprocessing = 0;
			shellPath = /bin/sh;
			shellScript = "diff \"${PODS_ROOT}/../Podfile.lock\" \"${PODS_ROOT}/Manifest.lock\" > /dev/null\nif [[ $? != 0 ]] ; then\n    cat << EOM\nerror: The sandbox is not in sync with the Podfile.lock. Run 'pod install' or update your CocoaPods installation.\nEOM\n    exit 1\nfi\n";
			showEnvVarsInLog = 0;
		};
/* End PBXShellScriptBuildPhase section */

/* Begin PBXSourcesBuildPhase section */
		345437851D2CE847002EC80D /* Sources */ = {
			isa = PBXSourcesBuildPhase;
			buildActionMask = 2147483647;
			files = (
				345437AA1D2CF38F002EC80D /* WWKBundle.m in Sources */,
				345437A21D2CEC59002EC80D /* WWKDevice.m in Sources */,
				342FC2771D2E4D4C00B6B015 /* WWKCommonService.m in Sources */,
			);
			runOnlyForDeploymentPostprocessing = 0;
		};
/* End PBXSourcesBuildPhase section */

/* Begin XCBuildConfiguration section */
		345437901D2CE847002EC80D /* Debug */ = {
			isa = XCBuildConfiguration;
			buildSettings = {
				ALWAYS_SEARCH_USER_PATHS = NO;
				CLANG_ANALYZER_NONNULL = YES;
				CLANG_CXX_LANGUAGE_STANDARD = "gnu++0x";
				CLANG_CXX_LIBRARY = "libc++";
				CLANG_ENABLE_MODULES = YES;
				CLANG_ENABLE_OBJC_ARC = YES;
				CLANG_WARN_BOOL_CONVERSION = YES;
				CLANG_WARN_CONSTANT_CONVERSION = YES;
				CLANG_WARN_DIRECT_OBJC_ISA_USAGE = YES_ERROR;
				CLANG_WARN_EMPTY_BODY = YES;
				CLANG_WARN_ENUM_CONVERSION = YES;
				CLANG_WARN_INT_CONVERSION = YES;
				CLANG_WARN_OBJC_ROOT_CLASS = YES_ERROR;
				CLANG_WARN_UNREACHABLE_CODE = YES;
				CLANG_WARN__DUPLICATE_METHOD_MATCH = YES;
				"CODE_SIGN_IDENTITY[sdk=iphoneos*]" = "iPhone Developer";
				COPY_PHASE_STRIP = NO;
				CURRENT_PROJECT_VERSION = 1;
				DEBUG_INFORMATION_FORMAT = dwarf;
				ENABLE_STRICT_OBJC_MSGSEND = YES;
				ENABLE_TESTABILITY = YES;
				GCC_C_LANGUAGE_STANDARD = gnu99;
				GCC_DYNAMIC_NO_PIC = NO;
				GCC_NO_COMMON_BLOCKS = YES;
				GCC_OPTIMIZATION_LEVEL = 0;
				GCC_PREPROCESSOR_DEFINITIONS = (
					"DEBUG=1",
					"$(inherited)",
				);
				GCC_WARN_64_TO_32_BIT_CONVERSION = YES;
				GCC_WARN_ABOUT_RETURN_TYPE = YES_ERROR;
				GCC_WARN_UNDECLARED_SELECTOR = YES;
				GCC_WARN_UNINITIALIZED_AUTOS = YES_AGGRESSIVE;
				GCC_WARN_UNUSED_FUNCTION = YES;
				GCC_WARN_UNUSED_VARIABLE = YES;
				IPHONEOS_DEPLOYMENT_TARGET = 7.0;
				MTL_ENABLE_DEBUG_INFO = YES;
				ONLY_ACTIVE_ARCH = YES;
				SDKROOT = iphoneos;
				TARGETED_DEVICE_FAMILY = "1,2";
				VERSIONING_SYSTEM = "apple-generic";
				VERSION_INFO_PREFIX = "";
			};
			name = Debug;
		};
		345437911D2CE847002EC80D /* Release */ = {
			isa = XCBuildConfiguration;
			buildSettings = {
				ALWAYS_SEARCH_USER_PATHS = NO;
				CLANG_ANALYZER_NONNULL = YES;
				CLANG_CXX_LANGUAGE_STANDARD = "gnu++0x";
				CLANG_CXX_LIBRARY = "libc++";
				CLANG_ENABLE_MODULES = YES;
				CLANG_ENABLE_OBJC_ARC = YES;
				CLANG_WARN_BOOL_CONVERSION = YES;
				CLANG_WARN_CONSTANT_CONVERSION = YES;
				CLANG_WARN_DIRECT_OBJC_ISA_USAGE = YES_ERROR;
				CLANG_WARN_EMPTY_BODY = YES;
				CLANG_WARN_ENUM_CONVERSION = YES;
				CLANG_WARN_INT_CONVERSION = YES;
				CLANG_WARN_OBJC_ROOT_CLASS = YES_ERROR;
				CLANG_WARN_UNREACHABLE_CODE = YES;
				CLANG_WARN__DUPLICATE_METHOD_MATCH = YES;
				"CODE_SIGN_IDENTITY[sdk=iphoneos*]" = "iPhone Developer";
				COPY_PHASE_STRIP = NO;
				CURRENT_PROJECT_VERSION = 1;
				DEBUG_INFORMATION_FORMAT = "dwarf-with-dsym";
				ENABLE_NS_ASSERTIONS = NO;
				ENABLE_STRICT_OBJC_MSGSEND = YES;
				GCC_C_LANGUAGE_STANDARD = gnu99;
				GCC_NO_COMMON_BLOCKS = YES;
				GCC_WARN_64_TO_32_BIT_CONVERSION = YES;
				GCC_WARN_ABOUT_RETURN_TYPE = YES_ERROR;
				GCC_WARN_UNDECLARED_SELECTOR = YES;
				GCC_WARN_UNINITIALIZED_AUTOS = YES_AGGRESSIVE;
				GCC_WARN_UNUSED_FUNCTION = YES;
				GCC_WARN_UNUSED_VARIABLE = YES;
				IPHONEOS_DEPLOYMENT_TARGET = 7.0;
				MTL_ENABLE_DEBUG_INFO = NO;
				SDKROOT = iphoneos;
				TARGETED_DEVICE_FAMILY = "1,2";
				VALIDATE_PRODUCT = YES;
				VERSIONING_SYSTEM = "apple-generic";
				VERSION_INFO_PREFIX = "";
			};
			name = Release;
		};
		345437931D2CE847002EC80D /* Debug */ = {
			isa = XCBuildConfiguration;
			baseConfigurationReference = BE001146090F25AADD48BF36 /* Pods-WealthWorksKit.debug.xcconfig */;
			buildSettings = {
				DEFINES_MODULE = YES;
				DYLIB_COMPATIBILITY_VERSION = 1;
				DYLIB_CURRENT_VERSION = 1;
				DYLIB_INSTALL_NAME_BASE = "@rpath";
				GCC_PREFIX_HEADER = "$(SRCROOT)/WealthWorksKit/PrefixHeader.pch";
				INFOPLIST_FILE = WealthWorksKit/Info.plist;
				INSTALL_PATH = "$(LOCAL_LIBRARY_DIR)/Frameworks";
				IPHONEOS_DEPLOYMENT_TARGET = 7.0;
				LD_RUNPATH_SEARCH_PATHS = "$(inherited) @executable_path/Frameworks @loader_path/Frameworks";
				PRODUCT_BUNDLE_IDENTIFIER = com.wealthworks.WealthWorksKit;
				PRODUCT_NAME = "$(TARGET_NAME)";
				SKIP_INSTALL = YES;
			};
			name = Debug;
		};
		345437941D2CE847002EC80D /* Release */ = {
			isa = XCBuildConfiguration;
			baseConfigurationReference = 40DC842CFA5E3353A5233AE9 /* Pods-WealthWorksKit.release.xcconfig */;
			buildSettings = {
				DEFINES_MODULE = YES;
				DYLIB_COMPATIBILITY_VERSION = 1;
				DYLIB_CURRENT_VERSION = 1;
				DYLIB_INSTALL_NAME_BASE = "@rpath";
				GCC_PREFIX_HEADER = "$(SRCROOT)/WealthWorksKit/PrefixHeader.pch";
				INFOPLIST_FILE = WealthWorksKit/Info.plist;
				INSTALL_PATH = "$(LOCAL_LIBRARY_DIR)/Frameworks";
				IPHONEOS_DEPLOYMENT_TARGET = 7.0;
				LD_RUNPATH_SEARCH_PATHS = "$(inherited) @executable_path/Frameworks @loader_path/Frameworks";
				PRODUCT_BUNDLE_IDENTIFIER = com.wealthworks.WealthWorksKit;
				PRODUCT_NAME = "$(TARGET_NAME)";
				SKIP_INSTALL = YES;
			};
			name = Release;
		};
/* End XCBuildConfiguration section */

/* Begin XCConfigurationList section */
		345437841D2CE847002EC80D /* Build configuration list for PBXProject "WealthWorksKit" */ = {
			isa = XCConfigurationList;
			buildConfigurations = (
				345437901D2CE847002EC80D /* Debug */,
				345437911D2CE847002EC80D /* Release */,
			);
			defaultConfigurationIsVisible = 0;
			defaultConfigurationName = Release;
		};
		345437921D2CE847002EC80D /* Build configuration list for PBXNativeTarget "WealthWorksKit" */ = {
			isa = XCConfigurationList;
			buildConfigurations = (
				345437931D2CE847002EC80D /* Debug */,
				345437941D2CE847002EC80D /* Release */,
			);
			defaultConfigurationIsVisible = 0;
			defaultConfigurationName = Release;
		};
/* End XCConfigurationList section */
	};
	rootObject = 345437811D2CE847002EC80D /* Project object */;
}
