PODS:
  - FCUUID (1.2.0):
    - UICKeyChainStore (~> 2.1.0)
  - UICKeyChainStore (2.1.0)

DEPENDENCIES:
  - FCUUID

SPEC CHECKSUMS:
  FCUUID: 9bfe031d35b7c221a7c66156a0af45d4eb49c3b6
  UICKeyChainStore: f1cbd42216a113f0165de1e733e62905b8823432

PODFILE CHECKSUM: cff38d711c741f812801ba5f4cf1123713f069ba

COCOAPODS: 1.0.1
